// !$*UTF8*$!
{
	archiveVersion = 1;
	classes = {
	};
	objectVersion = 56;
	objects = {

/* Begin PBXBuildFile section */
		1EABA4462E86A8F100F3C4B2 /* UIViewController+UX.swift in Sources */ = {isa = PBXBuildFile; fileRef = 1EABA4452E86A8F100F3C4B2 /* UIViewController+UX.swift */; };
		1EABA4482E86AD2200F3C4B2 /* Haptics.swift in Sources */ = {isa = PBXBuildFile; fileRef = 1EABA4472E86AD2200F3C4B2 /* Haptics.swift */; };
		1ED2356B2DBAB5090029C319 /* AppDelegate.swift in Sources */ = {isa = PBXBuildFile; fileRef = 1ED2356A2DBAB5090029C319 /* AppDelegate.swift */; };
		1ED2356D2DBAB5090029C319 /* SceneDelegate.swift in Sources */ = {isa = PBXBuildFile; fileRef = 1ED2356C2DBAB5090029C319 /* SceneDelegate.swift */; };
		1ED2356F2DBAB5090029C319 /* ViewController.swift in Sources */ = {isa = PBXBuildFile; fileRef = 1ED2356E2DBAB5090029C319 /* ViewController.swift */; };
		1ED235722DBAB5090029C319 /* Main.storyboard in Resources */ = {isa = PBXBuildFile; fileRef = 1ED235702DBAB5090029C319 /* Main.storyboard */; };
		1ED235742DBAB50A0029C319 /* Assets.xcassets in Resources */ = {isa = PBXBuildFile; fileRef = 1ED235732DBAB50A0029C319 /* Assets.xcassets */; };
		1ED235772DBAB50A0029C319 /* LaunchScreen.storyboard in Resources */ = {isa = PBXBuildFile; fileRef = 1ED235752DBAB50A0029C319 /* LaunchScreen.storyboard */; };
		1ED235822DBAB50A0029C319 /* WishListAppTests.swift in Sources */ = {isa = PBXBuildFile; fileRef = 1ED235812DBAB50A0029C319 /* WishListAppTests.swift */; };
		1ED2358C2DBAB50A0029C319 /* WishListAppUITests.swift in Sources */ = {isa = PBXBuildFile; fileRef = 1ED2358B2DBAB50A0029C319 /* WishListAppUITests.swift */; };
		1ED2358E2DBAB50A0029C319 /* WishListAppUITestsLaunchTests.swift in Sources */ = {isa = PBXBuildFile; fileRef = 1ED2358D2DBAB50A0029C319 /* WishListAppUITestsLaunchTests.swift */; };
		1ED2359B2DBEBC810029C319 /* GoogleService-Info.plist in Resources */ = {isa = PBXBuildFile; fileRef = 1ED2359A2DBEBC810029C319 /* GoogleService-Info.plist */; };
		CB9C46EC29759E14C5B021D5 /* Pods_WishListApp.framework in Frameworks */ = {isa = PBXBuildFile; fileRef = 2FEB95BE6B6D36984A19D59D /* Pods_WishListApp.framework */; };
/* End PBXBuildFile section */

/* Begin PBXContainerItemProxy section */
		1ED2357E2DBAB50A0029C319 /* PBXContainerItemProxy */ = {
			isa = PBXContainerItemProxy;
			containerPortal = 1ED2355F2DBAB5090029C319 /* Project object */;
			proxyType = 1;
			remoteGlobalIDString = 1ED235662DBAB5090029C319;
			remoteInfo = WishListApp;
		};
		1ED235882DBAB50A0029C319 /* PBXContainerItemProxy */ = {
			isa = PBXContainerItemProxy;
			containerPortal = 1ED2355F2DBAB5090029C319 /* Project object */;
			proxyType = 1;
			remoteGlobalIDString = 1ED235662DBAB5090029C319;
			remoteInfo = WishListApp;
		};
/* End PBXContainerItemProxy section */

/* Begin PBXFileReference section */
		1EABA4452E86A8F100F3C4B2 /* UIViewController+UX.swift */ = {isa = PBXFileReference; lastKnownFileType = sourcecode.swift; path = "UIViewController+UX.swift"; sourceTree = "<group>"; };
		1EABA4472E86AD2200F3C4B2 /* Haptics.swift */ = {isa = PBXFileReference; lastKnownFileType = sourcecode.swift; path = Haptics.swift; sourceTree = "<group>"; };
		1ED235672DBAB5090029C319 /* WishListApp.app */ = {isa = PBXFileReference; explicitFileType = wrapper.application; includeInIndex = 0; path = WishListApp.app; sourceTree = BUILT_PRODUCTS_DIR; };
		1ED2356A2DBAB5090029C319 /* AppDelegate.swift */ = {isa = PBXFileReference; lastKnownFileType = sourcecode.swift; path = AppDelegate.swift; sourceTree = "<group>"; };
		1ED2356C2DBAB5090029C319 /* SceneDelegate.swift */ = {isa = PBXFileReference; lastKnownFileType = sourcecode.swift; path = SceneDelegate.swift; sourceTree = "<group>"; };
		1ED2356E2DBAB5090029C319 /* ViewController.swift */ = {isa = PBXFileReference; lastKnownFileType = sourcecode.swift; path = ViewController.swift; sourceTree = "<group>"; };
		1ED235712DBAB5090029C319 /* Base */ = {isa = PBXFileReference; lastKnownFileType = file.storyboard; name = Base; path = Base.lproj/Main.storyboard; sourceTree = "<group>"; };
		1ED235732DBAB50A0029C319 /* Assets.xcassets */ = {isa = PBXFileReference; lastKnownFileType = folder.assetcatalog; path = Assets.xcassets; sourceTree = "<group>"; };
		1ED235762DBAB50A0029C319 /* Base */ = {isa = PBXFileReference; lastKnownFileType = file.storyboard; name = Base; path = Base.lproj/LaunchScreen.storyboard; sourceTree = "<group>"; };
		1ED235782DBAB50A0029C319 /* Info.plist */ = {isa = PBXFileReference; lastKnownFileType = text.plist.xml; path = Info.plist; sourceTree = "<group>"; };
		1ED2357D2DBAB50A0029C319 /* WishListAppTests.xctest */ = {isa = PBXFileReference; explicitFileType = wrapper.cfbundle; includeInIndex = 0; path = WishListAppTests.xctest; sourceTree = BUILT_PRODUCTS_DIR; };
		1ED235812DBAB50A0029C319 /* WishListAppTests.swift */ = {isa = PBXFileReference; lastKnownFileType = sourcecode.swift; path = WishListAppTests.swift; sourceTree = "<group>"; };
		1ED235872DBAB50A0029C319 /* WishListAppUITests.xctest */ = {isa = PBXFileReference; explicitFileType = wrapper.cfbundle; includeInIndex = 0; path = WishListAppUITests.xctest; sourceTree = BUILT_PRODUCTS_DIR; };
		1ED2358B2DBAB50A0029C319 /* WishListAppUITests.swift */ = {isa = PBXFileReference; lastKnownFileType = sourcecode.swift; path = WishListAppUITests.swift; sourceTree = "<group>"; };
		1ED2358D2DBAB50A0029C319 /* WishListAppUITestsLaunchTests.swift */ = {isa = PBXFileReference; lastKnownFileType = sourcecode.swift; path = WishListAppUITestsLaunchTests.swift; sourceTree = "<group>"; };
		1ED2359A2DBEBC810029C319 /* GoogleService-Info.plist */ = {isa = PBXFileReference; fileEncoding = 4; lastKnownFileType = text.plist.xml; path = "GoogleService-Info.plist"; sourceTree = "<group>"; };
		287478A3EA71F7DE7DC14F53 /* Pods-WishListApp.release.xcconfig */ = {isa = PBXFileReference; includeInIndex = 1; lastKnownFileType = text.xcconfig; name = "Pods-WishListApp.release.xcconfig"; path = "Target Support Files/Pods-WishListApp/Pods-WishListApp.release.xcconfig"; sourceTree = "<group>"; };
		2E599B4B8690F65D2E28492E /* Pods-WishListApp.debug.xcconfig */ = {isa = PBXFileReference; includeInIndex = 1; lastKnownFileType = text.xcconfig; name = "Pods-WishListApp.debug.xcconfig"; path = "Target Support Files/Pods-WishListApp/Pods-WishListApp.debug.xcconfig"; sourceTree = "<group>"; };
		2FEB95BE6B6D36984A19D59D /* Pods_WishListApp.framework */ = {isa = PBXFileReference; explicitFileType = wrapper.framework; includeInIndex = 0; path = Pods_WishListApp.framework; sourceTree = BUILT_PRODUCTS_DIR; };
/* End PBXFileReference section */

/* Begin PBXFrameworksBuildPhase section */
		1ED235642DBAB5090029C319 /* Frameworks */ = {
			isa = PBXFrameworksBuildPhase;
			buildActionMask = 2147483647;
			files = (
				CB9C46EC29759E14C5B021D5 /* Pods_WishListApp.framework in Frameworks */,
			);
			runOnlyForDeploymentPostprocessing = 0;
		};
		1ED2357A2DBAB50A0029C319 /* Frameworks */ = {
			isa = PBXFrameworksBuildPhase;
			buildActionMask = 2147483647;
			files = (
			);
			runOnlyForDeploymentPostprocessing = 0;
		};
		1ED235842DBAB50A0029C319 /* Frameworks */ = {
			isa = PBXFrameworksBuildPhase;
			buildActionMask = 2147483647;
			files = (
			);
			runOnlyForDeploymentPostprocessing = 0;
		};
/* End PBXFrameworksBuildPhase section */

/* Begin PBXGroup section */
		1ED2355E2DBAB5090029C319 = {
			isa = PBXGroup;
			children = (
				1ED235692DBAB5090029C319 /* WishListApp */,
				1ED235802DBAB50A0029C319 /* WishListAppTests */,
				1ED2358A2DBAB50A0029C319 /* WishListAppUITests */,
				1ED235682DBAB5090029C319 /* Products */,
				2D4CE953383B66BF02C011C8 /* Pods */,
				58D6CA6C369CA963B8B95FB6 /* Frameworks */,
			);
			sourceTree = "<group>";
		};
		1ED235682DBAB5090029C319 /* Products */ = {
			isa = PBXGroup;
			children = (
				1ED235672DBAB5090029C319 /* WishListApp.app */,
				1ED2357D2DBAB50A0029C319 /* WishListAppTests.xctest */,
				1ED235872DBAB50A0029C319 /* WishListAppUITests.xctest */,
			);
			name = Products;
			sourceTree = "<group>";
		};
		1ED235692DBAB5090029C319 /* WishListApp */ = {
			isa = PBXGroup;
			children = (
				1ED2356A2DBAB5090029C319 /* AppDelegate.swift */,
				1ED2356C2DBAB5090029C319 /* SceneDelegate.swift */,
				1ED2356E2DBAB5090029C319 /* ViewController.swift */,
				1EABA4452E86A8F100F3C4B2 /* UIViewController+UX.swift */,
				1EABA4472E86AD2200F3C4B2 /* Haptics.swift */,
				1ED235702DBAB5090029C319 /* Main.storyboard */,
				1ED235732DBAB50A0029C319 /* Assets.xcassets */,
				1ED235752DBAB50A0029C319 /* LaunchScreen.storyboard */,
				1ED2359A2DBEBC810029C319 /* GoogleService-Info.plist */,
				1ED235782DBAB50A0029C319 /* Info.plist */,
			);
			path = WishListApp;
			sourceTree = "<group>";
		};
		1ED235802DBAB50A0029C319 /* WishListAppTests */ = {
			isa = PBXGroup;
			children = (
				1ED235812DBAB50A0029C319 /* WishListAppTests.swift */,
			);
			path = WishListAppTests;
			sourceTree = "<group>";
		};
		1ED2358A2DBAB50A0029C319 /* WishListAppUITests */ = {
			isa = PBXGroup;
			children = (
				1ED2358B2DBAB50A0029C319 /* WishListAppUITests.swift */,
				1ED2358D2DBAB50A0029C319 /* WishListAppUITestsLaunchTests.swift */,
			);
			path = WishListAppUITests;
			sourceTree = "<group>";
		};
		2D4CE953383B66BF02C011C8 /* Pods */ = {
			isa = PBXGroup;
			children = (
				2E599B4B8690F65D2E28492E /* Pods-WishListApp.debug.xcconfig */,
				287478A3EA71F7DE7DC14F53 /* Pods-WishListApp.release.xcconfig */,
			);
			path = Pods;
			sourceTree = "<group>";
		};
		58D6CA6C369CA963B8B95FB6 /* Frameworks */ = {
			isa = PBXGroup;
			children = (
				2FEB95BE6B6D36984A19D59D /* Pods_WishListApp.framework */,
			);
			name = Frameworks;
			sourceTree = "<group>";
		};
/* End PBXGroup section */

/* Begin PBXNativeTarget section */
		1ED235662DBAB5090029C319 /* WishListApp */ = {
			isa = PBXNativeTarget;
			buildConfigurationList = 1ED235912DBAB50A0029C319 /* Build configuration list for PBXNativeTarget "WishListApp" */;
			buildPhases = (
				6605074088855D3E92872870 /* [CP] Check Pods Manifest.lock */,
				1ED235632DBAB5090029C319 /* Sources */,
				1ED235642DBAB5090029C319 /* Frameworks */,
				1ED235652DBAB5090029C319 /* Resources */,
				9A5261F0951E555A019AC915 /* [CP] Embed Pods Frameworks */,
			);
			buildRules = (
			);
			dependencies = (
			);
			name = WishListApp;
			productName = WishListApp;
			productReference = 1ED235672DBAB5090029C319 /* WishListApp.app */;
			productType = "com.apple.product-type.application";
		};
		1ED2357C2DBAB50A0029C319 /* WishListAppTests */ = {
			isa = PBXNativeTarget;
			buildConfigurationList = 1ED235942DBAB50A0029C319 /* Build configuration list for PBXNativeTarget "WishListAppTests" */;
			buildPhases = (
				1ED235792DBAB50A0029C319 /* Sources */,
				1ED2357A2DBAB50A0029C319 /* Frameworks */,
				1ED2357B2DBAB50A0029C319 /* Resources */,
			);
			buildRules = (
			);
			dependencies = (
				1ED2357F2DBAB50A0029C319 /* PBXTargetDependency */,
			);
			name = WishListAppTests;
			productName = WishListAppTests;
			productReference = 1ED2357D2DBAB50A0029C319 /* WishListAppTests.xctest */;
			productType = "com.apple.product-type.bundle.unit-test";
		};
		1ED235862DBAB50A0029C319 /* WishListAppUITests */ = {
			isa = PBXNativeTarget;
			buildConfigurationList = 1ED235972DBAB50A0029C319 /* Build configuration list for PBXNativeTarget "WishListAppUITests" */;
			buildPhases = (
				1ED235832DBAB50A0029C319 /* Sources */,
				1ED235842DBAB50A0029C319 /* Frameworks */,
				1ED235852DBAB50A0029C319 /* Resources */,
			);
			buildRules = (
			);
			dependencies = (
				1ED235892DBAB50A0029C319 /* PBXTargetDependency */,
			);
			name = WishListAppUITests;
			productName = WishListAppUITests;
			productReference = 1ED235872DBAB50A0029C319 /* WishListAppUITests.xctest */;
			productType = "com.apple.product-type.bundle.ui-testing";
		};
/* End PBXNativeTarget section */

/* Begin PBXProject section */
		1ED2355F2DBAB5090029C319 /* Project object */ = {
			isa = PBXProject;
			attributes = {
				BuildIndependentTargetsInParallel = 1;
				LastSwiftUpdateCheck = 1410;
				LastUpgradeCheck = 1410;
				TargetAttributes = {
					1ED235662DBAB5090029C319 = {
						CreatedOnToolsVersion = 14.1;
					};
					1ED2357C2DBAB50A0029C319 = {
						CreatedOnToolsVersion = 14.1;
						TestTargetID = 1ED235662DBAB5090029C319;
					};
					1ED235862DBAB50A0029C319 = {
						CreatedOnToolsVersion = 14.1;
						TestTargetID = 1ED235662DBAB5090029C319;
					};
				};
			};
			buildConfigurationList = 1ED235622DBAB5090029C319 /* Build configuration list for PBXProject "WishListApp" */;
			compatibilityVersion = "Xcode 14.0";
			developmentRegion = en;
			hasScannedForEncodings = 0;
			knownRegions = (
				en,
				Base,
			);
			mainGroup = 1ED2355E2DBAB5090029C319;
			productRefGroup = 1ED235682DBAB5090029C319 /* Products */;
			projectDirPath = "";
			projectRoot = "";
			targets = (
				1ED235662DBAB5090029C319 /* WishListApp */,
				1ED2357C2DBAB50A0029C319 /* WishListAppTests */,
				1ED235862DBAB50A0029C319 /* WishListAppUITests */,
			);
		};
/* End PBXProject section */

/* Begin PBXResourcesBuildPhase section */
		1ED235652DBAB5090029C319 /* Resources */ = {
			isa = PBXResourcesBuildPhase;
			buildActionMask = 2147483647;
			files = (
				1ED235772DBAB50A0029C319 /* LaunchScreen.storyboard in Resources */,
				1ED235742DBAB50A0029C319 /* Assets.xcassets in Resources */,
				1ED2359B2DBEBC810029C319 /* GoogleService-Info.plist in Resources */,
				1ED235722DBAB5090029C319 /* Main.storyboard in Resources */,
			);
			runOnlyForDeploymentPostprocessing = 0;
		};
		1ED2357B2DBAB50A0029C319 /* Resources */ = {
			isa = PBXResourcesBuildPhase;
			buildActionMask = 2147483647;
			files = (
			);
			runOnlyForDeploymentPostprocessing = 0;
		};
		1ED235852DBAB50A0029C319 /* Resources */ = {
			isa = PBXResourcesBuildPhase;
			buildActionMask = 2147483647;
			files = (
			);
			runOnlyForDeploymentPostprocessing = 0;
		};
/* End PBXResourcesBuildPhase section */

/* Begin PBXShellScriptBuildPhase section */
		6605074088855D3E92872870 /* [CP] Check Pods Manifest.lock */ = {
			isa = PBXShellScriptBuildPhase;
			buildActionMask = 2147483647;
			files = (
			);
			inputFileListPaths = (
			);
			inputPaths = (
				"${PODS_PODFILE_DIR_PATH}/Podfile.lock",
				"${PODS_ROOT}/Manifest.lock",
			);
			name = "[CP] Check Pods Manifest.lock";
			outputFileListPaths = (
			);
			outputPaths = (
				"$(DERIVED_FILE_DIR)/Pods-WishListApp-checkManifestLockResult.txt",
			);
			runOnlyForDeploymentPostprocessing = 0;
			shellPath = /bin/sh;
			shellScript = "diff \"${PODS_PODFILE_DIR_PATH}/Podfile.lock\" \"${PODS_ROOT}/Manifest.lock\" > /dev/null\nif [ $? != 0 ] ; then\n    # print error to STDERR\n    echo \"error: The sandbox is not in sync with the Podfile.lock. Run 'pod install' or update your CocoaPods installation.\" >&2\n    exit 1\nfi\n# This output is used by Xcode 'outputs' to avoid re-running this script phase.\necho \"SUCCESS\" > \"${SCRIPT_OUTPUT_FILE_0}\"\n";
			showEnvVarsInLog = 0;
		};
		9A5261F0951E555A019AC915 /* [CP] Embed Pods Frameworks */ = {
			isa = PBXShellScriptBuildPhase;
			buildActionMask = 2147483647;
			files = (
			);
			inputFileListPaths = (
				"${PODS_ROOT}/Target Support Files/Pods-WishListApp/Pods-WishListApp-frameworks-${CONFIGURATION}-input-files.xcfilelist",
			);
			name = "[CP] Embed Pods Frameworks";
			outputFileListPaths = (
				"${PODS_ROOT}/Target Support Files/Pods-WishListApp/Pods-WishListApp-frameworks-${CONFIGURATION}-output-files.xcfilelist",
			);
			runOnlyForDeploymentPostprocessing = 0;
			shellPath = /bin/sh;
			shellScript = "\"${PODS_ROOT}/Target Support Files/Pods-WishListApp/Pods-WishListApp-frameworks.sh\"\n";
			showEnvVarsInLog = 0;
		};
/* End PBXShellScriptBuildPhase section */

/* Begin PBXSourcesBuildPhase section */
		1ED235632DBAB5090029C319 /* Sources */ = {
			isa = PBXSourcesBuildPhase;
			buildActionMask = 2147483647;
			files = (
				1ED2356F2DBAB5090029C319 /* ViewController.swift in Sources */,
				1EABA4462E86A8F100F3C4B2 /* UIViewController+UX.swift in Sources */,
				1EABA4482E86AD2200F3C4B2 /* Haptics.swift in Sources */,
				1ED2356B2DBAB5090029C319 /* AppDelegate.swift in Sources */,
				1ED2356D2DBAB5090029C319 /* SceneDelegate.swift in Sources */,
			);
			runOnlyForDeploymentPostprocessing = 0;
		};
		1ED235792DBAB50A0029C319 /* Sources */ = {
			isa = PBXSourcesBuildPhase;
			buildActionMask = 2147483647;
			files = (
				1ED235822DBAB50A0029C319 /* WishListAppTests.swift in Sources */,
			);
			runOnlyForDeploymentPostprocessing = 0;
		};
		1ED235832DBAB50A0029C319 /* Sources */ = {
			isa = PBXSourcesBuildPhase;
			buildActionMask = 2147483647;
			files = (
				1ED2358C2DBAB50A0029C319 /* WishListAppUITests.swift in Sources */,
				1ED2358E2DBAB50A0029C319 /* WishListAppUITestsLaunchTests.swift in Sources */,
			);
			runOnlyForDeploymentPostprocessing = 0;
		};
/* End PBXSourcesBuildPhase section */

/* Begin PBXTargetDependency section */
		1ED2357F2DBAB50A0029C319 /* PBXTargetDependency */ = {
			isa = PBXTargetDependency;
			target = 1ED235662DBAB5090029C319 /* WishListApp */;
			targetProxy = 1ED2357E2DBAB50A0029C319 /* PBXContainerItemProxy */;
		};
		1ED235892DBAB50A0029C319 /* PBXTargetDependency */ = {
			isa = PBXTargetDependency;
			target = 1ED235662DBAB5090029C319 /* WishListApp */;
			targetProxy = 1ED235882DBAB50A0029C319 /* PBXContainerItemProxy */;
		};
/* End PBXTargetDependency section */

/* Begin PBXVariantGroup section */
		1ED235702DBAB5090029C319 /* Main.storyboard */ = {
			isa = PBXVariantGroup;
			children = (
				1ED235712DBAB5090029C319 /* Base */,
			);
			name = Main.storyboard;
			sourceTree = "<group>";
		};
		1ED235752DBAB50A0029C319 /* LaunchScreen.storyboard */ = {
			isa = PBXVariantGroup;
			children = (
				1ED235762DBAB50A0029C319 /* Base */,
			);
			name = LaunchScreen.storyboard;
			sourceTree = "<group>";
		};
/* End PBXVariantGroup section */

/* Begin XCBuildConfiguration section */
		1ED2358F2DBAB50A0029C319 /* Debug */ = {
			isa = XCBuildConfiguration;
			buildSettings = {
				ALWAYS_SEARCH_USER_PATHS = NO;
				CLANG_ANALYZER_NONNULL = YES;
				CLANG_ANALYZER_NUMBER_OBJECT_CONVERSION = YES_AGGRESSIVE;
				CLANG_CXX_LANGUAGE_STANDARD = "gnu++20";
				CLANG_ENABLE_MODULES = YES;
				CLANG_ENABLE_OBJC_ARC = YES;
				CLANG_ENABLE_OBJC_WEAK = YES;
				CLANG_WARN_BLOCK_CAPTURE_AUTORELEASING = YES;
				CLANG_WARN_BOOL_CONVERSION = YES;
				CLANG_WARN_COMMA = YES;
				CLANG_WARN_CONSTANT_CONVERSION = YES;
				CLANG_WARN_DEPRECATED_OBJC_IMPLEMENTATIONS = YES;
				CLANG_WARN_DIRECT_OBJC_ISA_USAGE = YES_ERROR;
				CLANG_WARN_DOCUMENTATION_COMMENTS = YES;
				CLANG_WARN_EMPTY_BODY = YES;
				CLANG_WARN_ENUM_CONVERSION = YES;
				CLANG_WARN_INFINITE_RECURSION = YES;
				CLANG_WARN_INT_CONVERSION = YES;
				CLANG_WARN_NON_LITERAL_NULL_CONVERSION = YES;
				CLANG_WARN_OBJC_IMPLICIT_RETAIN_SELF = YES;
				CLANG_WARN_OBJC_LITERAL_CONVERSION = YES;
				CLANG_WARN_OBJC_ROOT_CLASS = YES_ERROR;
				CLANG_WARN_QUOTED_INCLUDE_IN_FRAMEWORK_HEADER = YES;
				CLANG_WARN_RANGE_LOOP_ANALYSIS = YES;
				CLANG_WARN_STRICT_PROTOTYPES = YES;
				CLANG_WARN_SUSPICIOUS_MOVE = YES;
				CLANG_WARN_UNGUARDED_AVAILABILITY = YES_AGGRESSIVE;
				CLANG_WARN_UNREACHABLE_CODE = YES;
				CLANG_WARN__DUPLICATE_METHOD_MATCH = YES;
				COPY_PHASE_STRIP = NO;
				DEBUG_INFORMATION_FORMAT = dwarf;
				ENABLE_STRICT_OBJC_MSGSEND = YES;
				ENABLE_TESTABILITY = YES;
				GCC_C_LANGUAGE_STANDARD = gnu11;
				GCC_DYNAMIC_NO_PIC = NO;
				GCC_NO_COMMON_BLOCKS = YES;
				GCC_OPTIMIZATION_LEVEL = 0;
				GCC_PREPROCESSOR_DEFINITIONS = (
					"DEBUG=1",
					"$(inherited)",
				);
				GCC_WARN_64_TO_32_BIT_CONVERSION = YES;
				GCC_WARN_ABOUT_RETURN_TYPE = YES_ERROR;
				GCC_WARN_UNDECLARED_SELECTOR = YES;
				GCC_WARN_UNINITIALIZED_AUTOS = YES_AGGRESSIVE;
				GCC_WARN_UNUSED_FUNCTION = YES;
				GCC_WARN_UNUSED_VARIABLE = YES;
				IPHONEOS_DEPLOYMENT_TARGET = 16.1;
				MTL_ENABLE_DEBUG_INFO = INCLUDE_SOURCE;
				MTL_FAST_MATH = YES;
				ONLY_ACTIVE_ARCH = YES;
				SDKROOT = iphoneos;
				SWIFT_ACTIVE_COMPILATION_CONDITIONS = DEBUG;
				SWIFT_OPTIMIZATION_LEVEL = "-Onone";
			};
			name = Debug;
		};
		1ED235902DBAB50A0029C319 /* Release */ = {
			isa = XCBuildConfiguration;
			buildSettings = {
				ALWAYS_SEARCH_USER_PATHS = NO;
				CLANG_ANALYZER_NONNULL = YES;
				CLANG_ANALYZER_NUMBER_OBJECT_CONVERSION = YES_AGGRESSIVE;
				CLANG_CXX_LANGUAGE_STANDARD = "gnu++20";
				CLANG_ENABLE_MODULES = YES;
				CLANG_ENABLE_OBJC_ARC = YES;
				CLANG_ENABLE_OBJC_WEAK = YES;
				CLANG_WARN_BLOCK_CAPTURE_AUTORELEASING = YES;
				CLANG_WARN_BOOL_CONVERSION = YES;
				CLANG_WARN_COMMA = YES;
				CLANG_WARN_CONSTANT_CONVERSION = YES;
				CLANG_WARN_DEPRECATED_OBJC_IMPLEMENTATIONS = YES;
				CLANG_WARN_DIRECT_OBJC_ISA_USAGE = YES_ERROR;
				CLANG_WARN_DOCUMENTATION_COMMENTS = YES;
				CLANG_WARN_EMPTY_BODY = YES;
				CLANG_WARN_ENUM_CONVERSION = YES;
				CLANG_WARN_INFINITE_RECURSION = YES;
				CLANG_WARN_INT_CONVERSION = YES;
				CLANG_WARN_NON_LITERAL_NULL_CONVERSION = YES;
				CLANG_WARN_OBJC_IMPLICIT_RETAIN_SELF = YES;
				CLANG_WARN_OBJC_LITERAL_CONVERSION = YES;
				CLANG_WARN_OBJC_ROOT_CLASS = YES_ERROR;
				CLANG_WARN_QUOTED_INCLUDE_IN_FRAMEWORK_HEADER = YES;
				CLANG_WARN_RANGE_LOOP_ANALYSIS = YES;
				CLANG_WARN_STRICT_PROTOTYPES = YES;
				CLANG_WARN_SUSPICIOUS_MOVE = YES;
				CLANG_WARN_UNGUARDED_AVAILABILITY = YES_AGGRESSIVE;
				CLANG_WARN_UNREACHABLE_CODE = YES;
				CLANG_WARN__DUPLICATE_METHOD_MATCH = YES;
				COPY_PHASE_STRIP = NO;
				DEBUG_INFORMATION_FORMAT = "dwarf-with-dsym";
				ENABLE_NS_ASSERTIONS = NO;
				ENABLE_STRICT_OBJC_MSGSEND = YES;
				GCC_C_LANGUAGE_STANDARD = gnu11;
				GCC_NO_COMMON_BLOCKS = YES;
				GCC_WARN_64_TO_32_BIT_CONVERSION = YES;
				GCC_WARN_ABOUT_RETURN_TYPE = YES_ERROR;
				GCC_WARN_UNDECLARED_SELECTOR = YES;
				GCC_WARN_UNINITIALIZED_AUTOS = YES_AGGRESSIVE;
				GCC_WARN_UNUSED_FUNCTION = YES;
				GCC_WARN_UNUSED_VARIABLE = YES;
				IPHONEOS_DEPLOYMENT_TARGET = 16.1;
				MTL_ENABLE_DEBUG_INFO = NO;
				MTL_FAST_MATH = YES;
				SDKROOT = iphoneos;
				SWIFT_COMPILATION_MODE = wholemodule;
				SWIFT_OPTIMIZATION_LEVEL = "-O";
				VALIDATE_PRODUCT = YES;
			};
			name = Release;
		};
		1ED235922DBAB50A0029C319 /* Debug */ = {
			isa = XCBuildConfiguration;
			baseConfigurationReference = 2E599B4B8690F65D2E28492E /* Pods-WishListApp.debug.xcconfig */;
			buildSettings = {
				ASSETCATALOG_COMPILER_APPICON_NAME = AppIcon;
				ASSETCATALOG_COMPILER_GLOBAL_ACCENT_COLOR_NAME = AccentColor;
				CODE_SIGN_STYLE = Automatic;
				CURRENT_PROJECT_VERSION = 1;
				GENERATE_INFOPLIST_FILE = YES;
				INFOPLIST_FILE = WishListApp/Info.plist;
				INFOPLIST_KEY_UIApplicationSupportsIndirectInputEvents = YES;
				INFOPLIST_KEY_UILaunchStoryboardName = LaunchScreen;
				INFOPLIST_KEY_UIMainStoryboardFile = Main;
				INFOPLIST_KEY_UISupportedInterfaceOrientations_iPad = "UIInterfaceOrientationPortrait UIInterfaceOrientationPortraitUpsideDown UIInterfaceOrientationLandscapeLeft UIInterfaceOrientationLandscapeRight";
				INFOPLIST_KEY_UISupportedInterfaceOrientations_iPhone = "UIInterfaceOrientationPortrait UIInterfaceOrientationLandscapeLeft UIInterfaceOrientationLandscapeRight";
				LD_RUNPATH_SEARCH_PATHS = (
					"$(inherited)",
					"@executable_path/Frameworks",
				);
				MARKETING_VERSION = 1.0;
				PRODUCT_BUNDLE_IDENTIFIER = FirstApp.WishListApp;
				PRODUCT_NAME = "$(TARGET_NAME)";
				SWIFT_EMIT_LOC_STRINGS = YES;
				SWIFT_VERSION = 5.0;
				TARGETED_DEVICE_FAMILY = "1,2";
			};
			name = Debug;
		};
		1ED235932DBAB50A0029C319 /* Release */ = {
			isa = XCBuildConfiguration;
			baseConfigurationReference = 287478A3EA71F7DE7DC14F53 /* Pods-WishListApp.release.xcconfig */;
			buildSettings = {
				ASSETCATALOG_COMPILER_APPICON_NAME = AppIcon;
				ASSETCATALOG_COMPILER_GLOBAL_ACCENT_COLOR_NAME = AccentColor;
				CODE_SIGN_STYLE = Automatic;
				CURRENT_PROJECT_VERSION = 1;
				GENERATE_INFOPLIST_FILE = YES;
				INFOPLIST_FILE = WishListApp/Info.plist;
				INFOPLIST_KEY_UIApplicationSupportsIndirectInputEvents = YES;
				INFOPLIST_KEY_UILaunchStoryboardName = LaunchScreen;
				INFOPLIST_KEY_UIMainStoryboardFile = Main;
				INFOPLIST_KEY_UISupportedInterfaceOrientations_iPad = "UIInterfaceOrientationPortrait UIInterfaceOrientationPortraitUpsideDown UIInterfaceOrientationLandscapeLeft UIInterfaceOrientationLandscapeRight";
				INFOPLIST_KEY_UISupportedInterfaceOrientations_iPhone = "UIInterfaceOrientationPortrait UIInterfaceOrientationLandscapeLeft UIInterfaceOrientationLandscapeRight";
				LD_RUNPATH_SEARCH_PATHS = (
					"$(inherited)",
					"@executable_path/Frameworks",
				);
				MARKETING_VERSION = 1.0;
				PRODUCT_BUNDLE_IDENTIFIER = FirstApp.WishListApp;
				PRODUCT_NAME = "$(TARGET_NAME)";
				SWIFT_EMIT_LOC_STRINGS = YES;
				SWIFT_VERSION = 5.0;
				TARGETED_DEVICE_FAMILY = "1,2";
			};
			name = Release;
		};
		1ED235952DBAB50A0029C319 /* Debug */ = {
			isa = XCBuildConfiguration;
			buildSettings = {
				ALWAYS_EMBED_SWIFT_STANDARD_LIBRARIES = YES;
				BUNDLE_LOADER = "$(TEST_HOST)";
				CODE_SIGN_STYLE = Automatic;
				CURRENT_PROJECT_VERSION = 1;
				GENERATE_INFOPLIST_FILE = YES;
				IPHONEOS_DEPLOYMENT_TARGET = 16.1;
				MARKETING_VERSION = 1.0;
				PRODUCT_BUNDLE_IDENTIFIER = FirstApp.WishListAppTests;
				PRODUCT_NAME = "$(TARGET_NAME)";
				SWIFT_EMIT_LOC_STRINGS = NO;
				SWIFT_VERSION = 5.0;
				TARGETED_DEVICE_FAMILY = "1,2";
				TEST_HOST = "$(BUILT_PRODUCTS_DIR)/WishListApp.app/$(BUNDLE_EXECUTABLE_FOLDER_PATH)/WishListApp";
			};
			name = Debug;
		};
		1ED235962DBAB50A0029C319 /* Release */ = {
			isa = XCBuildConfiguration;
			buildSettings = {
				ALWAYS_EMBED_SWIFT_STANDARD_LIBRARIES = YES;
				BUNDLE_LOADER = "$(TEST_HOST)";
				CODE_SIGN_STYLE = Automatic;
				CURRENT_PROJECT_VERSION = 1;
				GENERATE_INFOPLIST_FILE = YES;
				IPHONEOS_DEPLOYMENT_TARGET = 16.1;
				MARKETING_VERSION = 1.0;
				PRODUCT_BUNDLE_IDENTIFIER = FirstApp.WishListAppTests;
				PRODUCT_NAME = "$(TARGET_NAME)";
				SWIFT_EMIT_LOC_STRINGS = NO;
				SWIFT_VERSION = 5.0;
				TARGETED_DEVICE_FAMILY = "1,2";
				TEST_HOST = "$(BUILT_PRODUCTS_DIR)/WishListApp.app/$(BUNDLE_EXECUTABLE_FOLDER_PATH)/WishListApp";
			};
			name = Release;
		};
		1ED235982DBAB50A0029C319 /* Debug */ = {
			isa = XCBuildConfiguration;
			buildSettings = {
				ALWAYS_EMBED_SWIFT_STANDARD_LIBRARIES = YES;
				CODE_SIGN_STYLE = Automatic;
				CURRENT_PROJECT_VERSION = 1;
				GENERATE_INFOPLIST_FILE = YES;
				MARKETING_VERSION = 1.0;
				PRODUCT_BUNDLE_IDENTIFIER = FirstApp.WishListAppUITests;
				PRODUCT_NAME = "$(TARGET_NAME)";
				SWIFT_EMIT_LOC_STRINGS = NO;
				SWIFT_VERSION = 5.0;
				TARGETED_DEVICE_FAMILY = "1,2";
				TEST_TARGET_NAME = WishListApp;
			};
			name = Debug;
		};
		1ED235992DBAB50A0029C319 /* Release */ = {
			isa = XCBuildConfiguration;
			buildSettings = {
				ALWAYS_EMBED_SWIFT_STANDARD_LIBRARIES = YES;
				CODE_SIGN_STYLE = Automatic;
				CURRENT_PROJECT_VERSION = 1;
				GENERATE_INFOPLIST_FILE = YES;
				MARKETING_VERSION = 1.0;
				PRODUCT_BUNDLE_IDENTIFIER = FirstApp.WishListAppUITests;
				PRODUCT_NAME = "$(TARGET_NAME)";
				SWIFT_EMIT_LOC_STRINGS = NO;
				SWIFT_VERSION = 5.0;
				TARGETED_DEVICE_FAMILY = "1,2";
				TEST_TARGET_NAME = WishListApp;
			};
			name = Release;
		};
/* End XCBuildConfiguration section */

/* Begin XCConfigurationList section */
		1ED235622DBAB5090029C319 /* Build configuration list for PBXProject "WishListApp" */ = {
			isa = XCConfigurationList;
			buildConfigurations = (
				1ED2358F2DBAB50A0029C319 /* Debug */,
				1ED235902DBAB50A0029C319 /* Release */,
			);
			defaultConfigurationIsVisible = 0;
			defaultConfigurationName = Release;
		};
		1ED235912DBAB50A0029C319 /* Build configuration list for PBXNativeTarget "WishListApp" */ = {
			isa = XCConfigurationList;
			buildConfigurations = (
				1ED235922DBAB50A0029C319 /* Debug */,
				1ED235932DBAB50A0029C319 /* Release */,
			);
			defaultConfigurationIsVisible = 0;
			defaultConfigurationName = Release;
		};
		1ED235942DBAB50A0029C319 /* Build configuration list for PBXNativeTarget "WishListAppTests" */ = {
			isa = XCConfigurationList;
			buildConfigurations = (
				1ED235952DBAB50A0029C319 /* Debug */,
				1ED235962DBAB50A0029C319 /* Release */,
			);
			defaultConfigurationIsVisible = 0;
			defaultConfigurationName = Release;
		};
		1ED235972DBAB50A0029C319 /* Build configuration list for PBXNativeTarget "WishListAppUITests" */ = {
			isa = XCConfigurationList;
			buildConfigurations = (
				1ED235982DBAB50A0029C319 /* Debug */,
				1ED235992DBAB50A0029C319 /* Release */,
			);
			defaultConfigurationIsVisible = 0;
			defaultConfigurationName = Release;
		};
/* End XCConfigurationList section */
	};
	rootObject = 1ED2355F2DBAB5090029C319 /* Project object */;
}
